
Microsoft Visual Studio Solution File, Format Version 12.00
# Visual Studio Version 16
VisualStudioVersion = 16.0.31702.278
MinimumVisualStudioVersion = 10.0.40219.1
Project("{FAE04EC0-301F-11D3-BF4B-00C04F79EFBC}") = "3.11.-CalculadoraActualizada", "3.11.-CalculadoraActualizada\3.11.-CalculadoraActualizada.csproj", "{67539BA0-9855-4DA0-BAB5-0E6C66D76C72}"
EndProject
Global
	GlobalSection(SolutionConfigurationPlatforms) = preSolution
		Debug|Any CPU = Debug|Any CPU
		Release|Any CPU = Release|Any CPU
	EndGlobalSection
	GlobalSection(ProjectConfigurationPlatforms) = postSolution
		{67539BA0-9855-4DA0-BAB5-0E6C66D76C72}.Debug|Any CPU.ActiveCfg = Debug|Any CPU
		{67539BA0-9855-4DA0-BAB5-0E6C66D76C72}.Debug|Any CPU.Build.0 = Debug|Any CPU
		{67539BA0-9855-4DA0-BAB5-0E6C66D76C72}.Release|Any CPU.ActiveCfg = Release|Any CPU
		{67539BA0-9855-4DA0-BAB5-0E6C66D76C72}.Release|Any CPU.Build.0 = Release|Any CPU
	EndGlobalSection
	GlobalSection(SolutionProperties) = preSolution
		HideSolutionNode = FALSE
	EndGlobalSection
	GlobalSection(ExtensibilityGlobals) = postSolution
		SolutionGuid = {74BFA51B-018E-47F7-AA6A-10F4D81A528B}
	EndGlobalSection
EndGlobal
